lockfileVersion: 5.4

specifiers:
  '@aliucord/hermesc': 0.70.6-aliucord-2
  '@aliucord/rollup-plugin': ^1.0.4
  '@rollup/plugin-typescript': ^8.5.0
  '@types/node': ^17.0.45
  '@types/react': ^18.0.27
  '@types/react-native': ^0.67.18
  aliucord: ^0.1.0
  rollup: ^2.79.1
  tslib: ^2.5.0
  typescript: ^4.9.5

devDependencies:
  '@aliucord/hermesc': 0.70.6-aliucord-2
  '@aliucord/rollup-plugin': 1.0.4_pkdjbs5srttgfxo56slb6vtbgy
  '@rollup/plugin-typescript': 8.5.0_bhcmvni67fkldpaxrtldxbogce
  '@types/node': 17.0.45
  '@types/react': 18.0.27
  '@types/react-native': 0.67.18
  aliucord: 0.1.0
  rollup: 2.79.1
  tslib: 2.5.0
  typescript: 4.9.5

packages:

  /@aliucord/hermesc/0.70.6-aliucord-2:
    resolution: {integrity: sha512-OWVsYWGGahe0raViGcKVzMH/tzO+XqU8Lc55Q9vJI5OBIGi2xPxPN39tVp7ZYiGhgeTXpohIDhfGEKqN4rhUTw==}
    dev: true

  /@aliucord/rollup-plugin-swc/0.2.2_sqcuuebpby6nss5uddnko6qn5m:
    resolution: {integrity: sha512-P1QuH3XwjYxj4lOpDbCHSPHETF9qi0XRBAkuI1tdqW/shf9Q+gOzi7QtbK4dNoaklH4d9chQCJMqcMya80eeDg==}
    peerDependencies:
      '@swc/core': '>=1.0'
      rollup: '>=1.5.0'
    dependencies:
      '@rollup/pluginutils': 4.2.1
      '@swc/core': 1.2.189
      rollup: 2.79.1
    dev: true

  /@aliucord/rollup-plugin/1.0.4_pkdjbs5srttgfxo56slb6vtbgy:
    resolution: {integrity: sha512-l5V+Eau37quWNxlnDgXJ1RPkTisH3xdsB4xjbzyBNvEPXZWYxKZcuW9cpKVoQjAo0eMj/k2GnUWukRd9+1ULRA==}
    peerDependencies:
      '@aliucord/hermesc': latest
    dependencies:
      '@aliucord/hermesc': 0.70.6-aliucord-2
      '@aliucord/rollup-plugin-swc': 0.2.2_sqcuuebpby6nss5uddnko6qn5m
      '@swc/core': 1.2.189
      rollup-plugin-hermes: 1.0.4_iu22q22hmre5odfvk5shwaxbt4
      yazl: 2.5.1
    transitivePeerDependencies:
      - rollup
    dev: true

  /@rollup/plugin-typescript/8.5.0_bhcmvni67fkldpaxrtldxbogce:
    resolution: {integrity: sha512-wMv1/scv0m/rXx21wD2IsBbJFba8wGF3ErJIr6IKRfRj49S85Lszbxb4DCo8iILpluTjk2GAAu9CoZt4G3ppgQ==}
    engines: {node: '>=8.0.0'}
    peerDependencies:
      rollup: ^2.14.0
      tslib: '*'
      typescript: '>=3.7.0'
    peerDependenciesMeta:
      tslib:
        optional: true
    dependencies:
      '@rollup/pluginutils': 3.1.0_rollup@2.79.1
      resolve: 1.22.1
      rollup: 2.79.1
      tslib: 2.5.0
      typescript: 4.9.5
    dev: true

  /@rollup/pluginutils/3.1.0_rollup@2.79.1:
    resolution: {integrity: sha512-GksZ6pr6TpIjHm8h9lSQ8pi8BE9VeubNT0OMJ3B5uZJ8pz73NPiqOtCog/x2/QzM1ENChPKxMDhiQuRHsqc+lg==}
    engines: {node: '>= 8.0.0'}
    peerDependencies:
      rollup: ^1.20.0||^2.0.0
    dependencies:
      '@types/estree': 0.0.39
      estree-walker: 1.0.1
      picomatch: 2.3.1
      rollup: 2.79.1
    dev: true

  /@rollup/pluginutils/4.2.1:
    resolution: {integrity: sha512-iKnFXr7NkdZAIHiIWE+BX5ULi/ucVFYWD6TbAV+rZctiRTY2PL6tsIKhoIOaoskiWAkgu+VsbXgUVDNLHf+InQ==}
    engines: {node: '>= 8.0.0'}
    dependencies:
      estree-walker: 2.0.2
      picomatch: 2.3.1
    dev: true

  /@swc/core-android-arm-eabi/1.2.189:
    resolution: {integrity: sha512-0kN3Le6QzFFz+Lc6a/tf/RkJXubWwWaHxF4c0bVm4AKIFf4nRlUCEqEkjdVaZvL92rpBMHaEEBuIIz3T8DqTTQ==}
    engines: {node: '>=10'}
    cpu: [arm]
    os: [android]
    requiresBuild: true
    dev: true
    optional: true

  /@swc/core-android-arm64/1.2.189:
    resolution: {integrity: sha512-smsb+YkDw2OKwg66Z63E/G4NlFApDbsiOPmZXFZbtZbNBD9v+wnk6WVA//XR1bdUI9VbzNKlMPKJxQTE685QDw==}
    engines: {node: '>=10'}
    cpu: [arm64]
    os: [android]
    requiresBuild: true
    dev: true
    optional: true

  /@swc/core-darwin-arm64/1.2.189:
    resolution: {integrity: sha512-OGjZRkTulKirJMLYbW9etb59lA9ueDXVwYRVD9SrNh8tRMTf0Nq+SUT/C3LVhBBGC4KSdWOzBAYbDTTdsnY++Q==}
    engines: {node: '>=10'}
    cpu: [arm64]
    os: [darwin]
    requiresBuild: true
    dev: true
    optional: true

  /@swc/core-darwin-x64/1.2.189:
    resolution: {integrity: sha512-BEcxnBHx51514Voe2dn/y1y5H9VNyw7Zpp9+mPekZqx5o/onPD5wZ1ZfAsPrA4UlvM3v16u6ITE/cLawJ/GdAQ==}
    engines: {node: '>=10'}
    cpu: [x64]
    os: [darwin]
    requiresBuild: true
    dev: true
    optional: true

  /@swc/core-freebsd-x64/1.2.189:
    resolution: {integrity: sha512-B6g2NWeh2iw6WPOaM19Uj3VE4se6alT265kWibLUshjcofRfnYT1lNhhkrF1D0EVnpC8I96I/xXNQo4Am9z4zQ==}
    engines: {node: '>=10'}
    cpu: [x64]
    os: [freebsd]
    requiresBuild: true
    dev: true
    optional: true

  /@swc/core-linux-arm-gnueabihf/1.2.189:
    resolution: {integrity: sha512-6WhPG9pyN5AahQTVQk8MoN1I9Z/Ytfqizuie1wV7mW8FMNmMkiJvBekKtE6ftxu80Hqa34r86WfEwmJKm5MqYw==}
    engines: {node: '>=10'}
    cpu: [arm]
    os: [linux]
    requiresBuild: true
    dev: true
    optional: true

  /@swc/core-linux-arm64-gnu/1.2.189:
    resolution: {integrity: sha512-frJTGnxsDe7h2d7BtnBivOdOJTtabkQIIZmHd4JHqafcoekI6teyveIax17axLyimvWl278yTo3hf7ePagD/eg==}
    engines: {node: '>=10'}
    cpu: [arm64]
    os: [linux]
    requiresBuild: true
    dev: true
    optional: true

  /@swc/core-linux-arm64-musl/1.2.189:
    resolution: {integrity: sha512-27K38LoZpME5lojDJIUNo7zdTDwAKLm0BMQ7HXWcYOyiDAekhSidI+SrBWxCfLzfuClhFu6/VE3E7j32VFJsiA==}
    engines: {node: '>=10'}
    cpu: [arm64]
    os: [linux]
    requiresBuild: true
    dev: true
    optional: true

  /@swc/core-linux-x64-gnu/1.2.189:
    resolution: {integrity: sha512-Ha5oJKOyQm9w7+e+WdRm4ypijzEmglWZGtgBR6vV6ViqqHcTBAU4nG87ex7y7AS9p+Cbc6EOSR9X1qIB8KxtbA==}
    engines: {node: '>=10'}
    cpu: [x64]
    os: [linux]
    requiresBuild: true
    dev: true
    optional: true

  /@swc/core-linux-x64-musl/1.2.189:
    resolution: {integrity: sha512-/p5yXa9HEzpVEuE4ivkW1IvwyYu6fT+L2OvVEs5oXIba80F0Wjy7InWqaa83gwrdMH+bXV6loG8LzZUZu/lpjA==}
    engines: {node: '>=10'}
    cpu: [x64]
    os: [linux]
    requiresBuild: true
    dev: true
    optional: true

  /@swc/core-win32-arm64-msvc/1.2.189:
    resolution: {integrity: sha512-o/1ueM6/sifNjYnO6NMEXB895spVfJs5oQIPxQG9vJ/4zWLw8YmAx+u1xJY+XGyK6gnroHt7yPiS87qWdbeF6w==}
    engines: {node: '>=10'}
    cpu: [arm64]
    os: [win32]
    requiresBuild: true
    dev: true
    optional: true

  /@swc/core-win32-ia32-msvc/1.2.189:
    resolution: {integrity: sha512-YDwRkzykaf+dw5Z7u189cC/Tttkn2NVV84hrGL3LbVuh7wT5PaDhZs4Yz4unZQSlPV12olmZWgNr/i27h5wlpg==}
    engines: {node: '>=10'}
    cpu: [ia32]
    os: [win32]
    requiresBuild: true
    dev: true
    optional: true

  /@swc/core-win32-x64-msvc/1.2.189:
    resolution: {integrity: sha512-Nge8Z/ZkAp5p5No50yBDpBG7+ZYaVWGSuwtPj6OJe7orzvDCEm9GgcVE6J9GEjbclSWlCH8B8lUe17GaKRZHbg==}
    engines: {node: '>=10'}
    cpu: [x64]
    os: [win32]
    requiresBuild: true
    dev: true
    optional: true

  /@swc/core/1.2.189:
    resolution: {integrity: sha512-S5cKX4ECMSfW78DLFgnlilJZgjrFRYwPslrrwpLl3gpwh+Qo72/Mhn71u7G/5xXW+T/xW5GwPccHfCk+k72uUg==}
    engines: {node: '>=10'}
    hasBin: true
    optionalDependencies:
      '@swc/core-android-arm-eabi': 1.2.189
      '@swc/core-android-arm64': 1.2.189
      '@swc/core-darwin-arm64': 1.2.189
      '@swc/core-darwin-x64': 1.2.189
      '@swc/core-freebsd-x64': 1.2.189
      '@swc/core-linux-arm-gnueabihf': 1.2.189
      '@swc/core-linux-arm64-gnu': 1.2.189
      '@swc/core-linux-arm64-musl': 1.2.189
      '@swc/core-linux-x64-gnu': 1.2.189
      '@swc/core-linux-x64-musl': 1.2.189
      '@swc/core-win32-arm64-msvc': 1.2.189
      '@swc/core-win32-ia32-msvc': 1.2.189
      '@swc/core-win32-x64-msvc': 1.2.189
    dev: true

  /@types/estree/0.0.39:
    resolution: {integrity: sha512-EYNwp3bU+98cpU4lAWYYL7Zz+2gryWH1qbdDTidVd6hkiR6weksdbMadyXKXNPEkQFhXM+hVO9ZygomHXp+AIw==}
    dev: true

  /@types/node/17.0.45:
    resolution: {integrity: sha512-w+tIMs3rq2afQdsPJlODhoUEKzFP1ayaoyl1CcnwtIlsVe7K7bA1NGm4s3PraqTLlXnbIN84zuBlxBWo1u9BLw==}
    dev: true

  /@types/prop-types/15.7.5:
    resolution: {integrity: sha512-JCB8C6SnDoQf0cNycqd/35A7MjcnK+ZTqE7judS6o7utxUCg6imJg3QK2qzHKszlTjcj2cn+NwMB2i96ubpj7w==}
    dev: true

  /@types/react-native/0.67.18:
    resolution: {integrity: sha512-ntpNGtX36KPbnmtxMyBqTSwBFgeFDW1B5s9gAHGY/ZmuknUsy44Y2XaxtG3WkIrOICaGosBvQo8IgCbSomkY6g==}
    dependencies:
      '@types/react': 17.0.53
    dev: true

  /@types/react/17.0.53:
    resolution: {integrity: sha512-1yIpQR2zdYu1Z/dc1OxC+MA6GR240u3gcnP4l6mvj/PJiVaqHsQPmWttsvHsfnhfPbU2FuGmo0wSITPygjBmsw==}
    dependencies:
      '@types/prop-types': 15.7.5
      '@types/scheduler': 0.16.2
      csstype: 3.1.1
    dev: true

  /@types/react/18.0.27:
    resolution: {integrity: sha512-3vtRKHgVxu3Jp9t718R9BuzoD4NcQ8YJ5XRzsSKxNDiDonD2MXIT1TmSkenxuCycZJoQT5d2vE8LwWJxBC1gmA==}
    dependencies:
      '@types/prop-types': 15.7.5
      '@types/scheduler': 0.16.2
      csstype: 3.1.1
    dev: true

  /@types/scheduler/0.16.2:
    resolution: {integrity: sha512-hppQEBDmlwhFAXKJX2KnWLYu5yMfi91yazPb2l+lbJiwW+wdo1gNeRA+3RgNSO39WYX2euey41KEwnqesU2Jew==}
    dev: true

  /aliucord/0.1.0:
    resolution: {integrity: sha512-HKeMjiKoKyLyJZJjYm2z2BliSdowGg7ngstcp62mIe86qyj4wfqSd0pr3vh3ouKn+Vj6AXSXFrOUE/AT5IbUXw==}
    dependencies:
      react-devtools-core: 4.27.1
    transitivePeerDependencies:
      - bufferutil
      - utf-8-validate
    dev: true

  /buffer-crc32/0.2.13:
    resolution: {integrity: sha512-VO9Ht/+p3SN7SKWqcrgEzjGbRSJYTx+Q1pTQC0wrWqHx0vpJraQ6GtHx8tvcg1rlK1byhU5gccxgOgj7B0TDkQ==}
    dev: true

  /csstype/3.1.1:
    resolution: {integrity: sha512-DJR/VvkAvSZW9bTouZue2sSxDwdTN92uHjqeKVm+0dAqdfNykRzQ95tay8aXMBAAPpUiq4Qcug2L7neoRh2Egw==}
    dev: true

  /estree-walker/1.0.1:
    resolution: {integrity: sha512-1fMXF3YP4pZZVozF8j/ZLfvnR8NSIljt56UhbZ5PeeDmmGHpgpdwQt7ITlGvYaQukCvuBRMLEiKiYC+oeIg4cg==}
    dev: true

  /estree-walker/2.0.2:
    resolution: {integrity: sha512-Rfkk/Mp/DL7JVje3u18FxFujQlTNR2q6QfMSMB7AvCBx91NGj/ba3kCfza0f6dVDbw7YlRf/nDrn7pQrCCyQ/w==}
    dev: true

  /fsevents/2.3.2:
    resolution: {integrity: sha512-xiqMQR4xAeHTuB9uWm+fFRcIOgKBMiOBP+eXiyT7jsgVCq1bkVygt00oASowB7EdtpOHaaPgKt812P9ab+DDKA==}
    engines: {node: ^8.16.0 || ^10.6.0 || >=11.0.0}
    os: [darwin]
    requiresBuild: true
    dev: true
    optional: true

  /function-bind/1.1.1:
    resolution: {integrity: sha512-yIovAzMX49sF8Yl58fSCWJ5svSLuaibPxXQJFLmBObTuCr0Mf1KiPopGM9NiFjiYBCbfaa2Fh6breQ6ANVTI0A==}
    dev: true

  /has/1.0.3:
    resolution: {integrity: sha512-f2dvO0VU6Oej7RkWJGrehjbzMAjFp5/VKPp5tTpWIV4JHHZK1/BxbFRtf/siA2SWTe09caDmVtYYzWEIbBS4zw==}
    engines: {node: '>= 0.4.0'}
    dependencies:
      function-bind: 1.1.1
    dev: true

  /is-core-module/2.11.0:
    resolution: {integrity: sha512-RRjxlvLDkD1YJwDbroBHMb+cukurkDWNyHx7D3oNB5x9rb5ogcksMC5wHCadcXoo67gVr/+3GFySh3134zi6rw==}
    dependencies:
      has: 1.0.3
    dev: true

  /path-parse/1.0.7:
    resolution: {integrity: sha512-LDJzPVEEEPR+y48z93A0Ed0yXb8pAByGWo/k5YYdYgpY2/2EsOsksJrq7lOHxryrVOn1ejG6oAp8ahvOIQD8sw==}
    dev: true

  /picomatch/2.3.1:
    resolution: {integrity: sha512-JU3teHTNjmE2VCGFzuY8EXzCDVwEqB2a8fsIvwaStHhAWJEeVd1o1QD80CU6+ZdEXXSLbSsuLwJjkCBWqRQUVA==}
    engines: {node: '>=8.6'}
    dev: true

  /react-devtools-core/4.27.1:
    resolution: {integrity: sha512-qXhcxxDWiFmFAOq48jts9YQYe1+wVoUXzJTlY4jbaATzyio6dd6CUGu3dXBhREeVgpZ+y4kg6vFJzIOZh6vY2w==}
    dependencies:
      shell-quote: 1.8.0
      ws: 7.5.9
    transitivePeerDependencies:
      - bufferutil
      - utf-8-validate
    dev: true

  /resolve/1.22.1:
    resolution: {integrity: sha512-nBpuuYuY5jFsli/JIs1oldw6fOQCBioohqWZg/2hiaOybXOft4lonv85uDOKXdf8rhyK159cxU5cDcK/NKk8zw==}
    hasBin: true
    dependencies:
      is-core-module: 2.11.0
      path-parse: 1.0.7
      supports-preserve-symlinks-flag: 1.0.0
    dev: true

  /rollup-plugin-hermes/1.0.4_iu22q22hmre5odfvk5shwaxbt4:
    resolution: {integrity: sha512-9aPcPL1lRKi63n8oJoBGT89xpJ6wPQISYOuxqJjigbcuCyef//3RnWQq9tRATCrwu6MazqLywcCgkohCCWvtBw==}
    peerDependencies:
      '@aliucord/hermesc': '*'
    dependencies:
      '@aliucord/hermesc': 0.70.6-aliucord-2
    dev: true

  /rollup/2.79.1:
    resolution: {integrity: sha512-uKxbd0IhMZOhjAiD5oAFp7BqvkA4Dv47qpOCtaNvng4HBwdbWtdOh8f5nZNuk2rp51PMGk3bzfWu5oayNEuYnw==}
    engines: {node: '>=10.0.0'}
    hasBin: true
    optionalDependencies:
      fsevents: 2.3.2
    dev: true

  /shell-quote/1.8.0:
    resolution: {integrity: sha512-QHsz8GgQIGKlRi24yFc6a6lN69Idnx634w49ay6+jA5yFh7a1UY+4Rp6HPx/L/1zcEDPEij8cIsiqR6bQsE5VQ==}
    dev: true

  /supports-preserve-symlinks-flag/1.0.0:
    resolution: {integrity: sha512-ot0WnXS9fgdkgIcePe6RHNk1WA8+muPa6cSjeR3V8K27q9BB1rTE3R1p7Hv0z1ZyAc8s6Vvv8DIyWf681MAt0w==}
    engines: {node: '>= 0.4'}
    dev: true

  /tslib/2.5.0:
    resolution: {integrity: sha512-336iVw3rtn2BUK7ORdIAHTyxHGRIHVReokCR3XjbckJMK7ms8FysBfhLR8IXnAgy7T0PTPNBWKiH514FOW/WSg==}
    dev: true

  /typescript/4.9.5:
    resolution: {integrity: sha512-1FXk9E2Hm+QzZQ7z+McJiHL4NW1F2EzMu9Nq9i3zAaGqibafqYwCVU6WyWAuyQRRzOlxou8xZSyXLEN8oKj24g==}
    engines: {node: '>=4.2.0'}
    hasBin: true
    dev: true

  /ws/7.5.9:
    resolution: {integrity: sha512-F+P9Jil7UiSKSkppIiD94dN07AwvFixvLIj1Og1Rl9GGMuNipJnV9JzjD6XuqmAeiswGvUmNLjr5cFuXwNS77Q==}
    engines: {node: '>=8.3.0'}
    peerDependencies:
      bufferutil: ^4.0.1
      utf-8-validate: ^5.0.2
    peerDependenciesMeta:
      bufferutil:
        optional: true
      utf-8-validate:
        optional: true
    dev: true

  /yazl/2.5.1:
    resolution: {integrity: sha512-phENi2PLiHnHb6QBVot+dJnaAZ0xosj7p3fWl+znIjBDlnMI2PsZCJZ306BPTFOaHf5qdDEI8x5qFrSOBN5vrw==}
    dependencies:
      buffer-crc32: 0.2.13
    dev: true
