lockfileVersion: 5.4

specifiers:
  '@aliucord/rollup-plugin': ^1.0.2
  '@rollup/plugin-typescript': ^8.3.2
  '@types/node': ^17.0.31
  '@types/react': ^18.0.8
  '@types/react-native': ^0.67.6
  aliucord: ^0.1.0
  hermes-engine: 0.11.0
  rollup: ^2.71.1
  tslib: ^2.4.0
  typescript: ^4.6.4

devDependencies:
  '@aliucord/rollup-plugin': 1.0.2_ckrhg2l27mbc2k3ahkqtxllktu
  '@rollup/plugin-typescript': 8.3.2_dsrqihoegvzgycupzno43pt4sq
  '@types/node': 17.0.31
  '@types/react': 18.0.9
  '@types/react-native': 0.67.6
  aliucord: 0.1.0
  hermes-engine: 0.11.0
  rollup: 2.72.1
  tslib: 2.4.0
  typescript: 4.6.4

packages:

  /@aliucord/rollup-plugin-swc/0.2.2_sfe26lxdk34xllfqp6wphh67ze:
    resolution: {integrity: sha512-P1QuH3XwjYxj4lOpDbCHSPHETF9qi0XRBAkuI1tdqW/shf9Q+gOzi7QtbK4dNoaklH4d9chQCJMqcMya80eeDg==}
    peerDependencies:
      '@swc/core': '>=1.0'
      rollup: '>=1.5.0'
    dependencies:
      '@rollup/pluginutils': 4.2.1
      '@swc/core': 1.2.181
      rollup: 2.72.1
    dev: true

  /@aliucord/rollup-plugin/1.0.2_ckrhg2l27mbc2k3ahkqtxllktu:
    resolution: {integrity: sha512-1EQZmrxC4bE0K4HTiqI8XWBnVcw8ncB6VfqUkWhn3IUzvU0RUmHJFfJJ5A+8hWs/bUqEbMosNePeSwCnOkQQ+g==}
    peerDependencies:
      hermes-engine: ^0.11.0
    dependencies:
      '@aliucord/rollup-plugin-swc': 0.2.2_sfe26lxdk34xllfqp6wphh67ze
      '@swc/core': 1.2.181
      hermes-engine: 0.11.0
      rollup-plugin-hermes: 1.0.1_hermes-engine@0.11.0
      yazl: 2.5.1
    transitivePeerDependencies:
      - rollup
    dev: true

  /@rollup/plugin-typescript/8.3.2_dsrqihoegvzgycupzno43pt4sq:
    resolution: {integrity: sha512-MtgyR5LNHZr3GyN0tM7gNO9D0CS+Y+vflS4v/PHmrX17JCkHUYKvQ5jN5o3cz1YKllM3duXUqu3yOHwMPUxhDg==}
    engines: {node: '>=8.0.0'}
    peerDependencies:
      rollup: ^2.14.0
      tslib: '*'
      typescript: '>=3.7.0'
    dependencies:
      '@rollup/pluginutils': 3.1.0_rollup@2.72.1
      resolve: 1.22.0
      rollup: 2.72.1
      tslib: 2.4.0
      typescript: 4.6.4
    dev: true

  /@rollup/pluginutils/3.1.0_rollup@2.72.1:
    resolution: {integrity: sha512-GksZ6pr6TpIjHm8h9lSQ8pi8BE9VeubNT0OMJ3B5uZJ8pz73NPiqOtCog/x2/QzM1ENChPKxMDhiQuRHsqc+lg==}
    engines: {node: '>= 8.0.0'}
    peerDependencies:
      rollup: ^1.20.0||^2.0.0
    dependencies:
      '@types/estree': 0.0.39
      estree-walker: 1.0.1
      picomatch: 2.3.1
      rollup: 2.72.1
    dev: true

  /@rollup/pluginutils/4.2.1:
    resolution: {integrity: sha512-iKnFXr7NkdZAIHiIWE+BX5ULi/ucVFYWD6TbAV+rZctiRTY2PL6tsIKhoIOaoskiWAkgu+VsbXgUVDNLHf+InQ==}
    engines: {node: '>= 8.0.0'}
    dependencies:
      estree-walker: 2.0.2
      picomatch: 2.3.1
    dev: true

  /@swc/core-android-arm-eabi/1.2.181:
    resolution: {integrity: sha512-H3HNf8j6M13uIbSruef8iMsCElJJDZOhp5qxwm/+P1jAG4eQ4vPfajIlTVdFJes8Adrbr4WQaVvl+m4BQw51JQ==}
    engines: {node: '>=10'}
    cpu: [arm]
    os: [android]
    requiresBuild: true
    dev: true
    optional: true

  /@swc/core-android-arm64/1.2.181:
    resolution: {integrity: sha512-b1apYKeosBaXl28xE/By4QVHYrXaR2+nOdcP6rsDXg6nyLBArtoiS5YUFikFN/VQbSAQqNeJQ+rovT5zITrgSQ==}
    engines: {node: '>=10'}
    cpu: [arm64]
    os: [android]
    requiresBuild: true
    dev: true
    optional: true

  /@swc/core-darwin-arm64/1.2.181:
    resolution: {integrity: sha512-M3/PPeO6NTN7GYa1mOWPNMaAPxEQH8xd+X6FHMa7OBCi+Qxkarafu4DZRfzR88TcS3XikqFLgmmzSP7Z/tye2w==}
    engines: {node: '>=10'}
    cpu: [arm64]
    os: [darwin]
    requiresBuild: true
    dev: true
    optional: true

  /@swc/core-darwin-x64/1.2.181:
    resolution: {integrity: sha512-8Uc6gx7YN5+eSnk3h7aHqp1f3RFoBJPDPeH9cURm4mfE4BTgkVgkctUm0IE5sS5AotazVbrOwhEFrl7TONSfPA==}
    engines: {node: '>=10'}
    cpu: [x64]
    os: [darwin]
    requiresBuild: true
    dev: true
    optional: true

  /@swc/core-freebsd-x64/1.2.181:
    resolution: {integrity: sha512-SbnsbJHGFNY7VSTA5OhBh2PmLgQumIGerAxTCTYO1IgtbADCTL+gCjU0TK0viG/zpH4jnjaL965BI4JTo/bpRg==}
    engines: {node: '>=10'}
    cpu: [x64]
    os: [freebsd]
    requiresBuild: true
    dev: true
    optional: true

  /@swc/core-linux-arm-gnueabihf/1.2.181:
    resolution: {integrity: sha512-aWO6Lr9wea96Z7AEagzf4reKgDb3UWXZnClwJK7baScwF8KV+Mh99vVgkSe1nj2gKOZ31pBLp62RDJkc3gdlnA==}
    engines: {node: '>=10'}
    cpu: [arm]
    os: [linux]
    requiresBuild: true
    dev: true
    optional: true

  /@swc/core-linux-arm64-gnu/1.2.181:
    resolution: {integrity: sha512-+7fzDwsvcbhPafKdminMQrU3Ej1NHltXy7k+zgjj8BDPZbfi8hRzQcONeBV7sfl4xvw3d3roNHu2UMmKzLNs0w==}
    engines: {node: '>=10'}
    cpu: [arm64]
    os: [linux]
    requiresBuild: true
    dev: true
    optional: true

  /@swc/core-linux-arm64-musl/1.2.181:
    resolution: {integrity: sha512-U9k8pv2oCxYYfu9DdOO1ZZgqbmF97NgJzSaIu3PsTedF4RcGIiPcuGOFqrUECsGUW2i6uKejE8onbXPj9UmaZQ==}
    engines: {node: '>=10'}
    cpu: [arm64]
    os: [linux]
    requiresBuild: true
    dev: true
    optional: true

  /@swc/core-linux-x64-gnu/1.2.181:
    resolution: {integrity: sha512-9AQXrvZ9BFQJeqYMpKQZRf9h/DEwhfHIR39krehO+g594i+mkkp+UNTToez6Ifn+NBYl58xyEcQGwsYIqtdYVw==}
    engines: {node: '>=10'}
    cpu: [x64]
    os: [linux]
    requiresBuild: true
    dev: true
    optional: true

  /@swc/core-linux-x64-musl/1.2.181:
    resolution: {integrity: sha512-Pq/aBMj3F4CR4tXq85t7IW3piu76a677nIoo6QtBkAjrQ5QuJqpaez/5aewipG+kIXpiu/DNFIN+cISa1QeC8A==}
    engines: {node: '>=10'}
    cpu: [x64]
    os: [linux]
    requiresBuild: true
    dev: true
    optional: true

  /@swc/core-win32-arm64-msvc/1.2.181:
    resolution: {integrity: sha512-m24036tVFDE8ZJ3fBVBfsHw4tHd0BG6g3TvT2MLAiW2MezYeTdrGpmvPBz4Woz686I/06cWeSg7cZF1/ZcZMMA==}
    engines: {node: '>=10'}
    cpu: [arm64]
    os: [win32]
    requiresBuild: true
    dev: true
    optional: true

  /@swc/core-win32-ia32-msvc/1.2.181:
    resolution: {integrity: sha512-OPROzGapmr29qqwvB/aP9SA80r2eIukj+q7gghdQVptJrQU4GrTyzW1TpnGtpzj8rLZz4hEG6KtyPUh54bJZ/g==}
    engines: {node: '>=10'}
    cpu: [ia32]
    os: [win32]
    requiresBuild: true
    dev: true
    optional: true

  /@swc/core-win32-x64-msvc/1.2.181:
    resolution: {integrity: sha512-YrIaS63XsGiQ9AgxUVZ7Irt4pwQc3c2TPN7PyQP7ok9zBZxY5pBTwRTdLctlF4LNsSavlHE5+rvdPzcYAG0ekQ==}
    engines: {node: '>=10'}
    cpu: [x64]
    os: [win32]
    requiresBuild: true
    dev: true
    optional: true

  /@swc/core/1.2.181:
    resolution: {integrity: sha512-evQX+Br/gC+FYLbUIF1dOQa7hUzBpowrcbgPkIRCEvi4HrCn7pGBZ2ZHBXmwEtBdLfOlyQvN/8USClApQKK4Rw==}
    engines: {node: '>=10'}
    hasBin: true
    optionalDependencies:
      '@swc/core-android-arm-eabi': 1.2.181
      '@swc/core-android-arm64': 1.2.181
      '@swc/core-darwin-arm64': 1.2.181
      '@swc/core-darwin-x64': 1.2.181
      '@swc/core-freebsd-x64': 1.2.181
      '@swc/core-linux-arm-gnueabihf': 1.2.181
      '@swc/core-linux-arm64-gnu': 1.2.181
      '@swc/core-linux-arm64-musl': 1.2.181
      '@swc/core-linux-x64-gnu': 1.2.181
      '@swc/core-linux-x64-musl': 1.2.181
      '@swc/core-win32-arm64-msvc': 1.2.181
      '@swc/core-win32-ia32-msvc': 1.2.181
      '@swc/core-win32-x64-msvc': 1.2.181
    dev: true

  /@types/estree/0.0.39:
    resolution: {integrity: sha512-EYNwp3bU+98cpU4lAWYYL7Zz+2gryWH1qbdDTidVd6hkiR6weksdbMadyXKXNPEkQFhXM+hVO9ZygomHXp+AIw==}
    dev: true

  /@types/node/17.0.31:
    resolution: {integrity: sha512-AR0x5HbXGqkEx9CadRH3EBYx/VkiUgZIhP4wvPn/+5KIsgpNoyFaRlVe0Zlx9gRtg8fA06a9tskE2MSN7TcG4Q==}
    dev: true

  /@types/prop-types/15.7.5:
    resolution: {integrity: sha512-JCB8C6SnDoQf0cNycqd/35A7MjcnK+ZTqE7judS6o7utxUCg6imJg3QK2qzHKszlTjcj2cn+NwMB2i96ubpj7w==}
    dev: true

  /@types/react-native/0.67.6:
    resolution: {integrity: sha512-NM6atxrefIXMLE/PyQ1bIQjQ/lWLdls3uVxItzKvNUUVZlGqgn/uGN4MarM9quSf90uSqJYPIAeAgTtBTUjhgg==}
    dependencies:
      '@types/react': 18.0.9
    dev: true

  /@types/react/18.0.9:
    resolution: {integrity: sha512-9bjbg1hJHUm4De19L1cHiW0Jvx3geel6Qczhjd0qY5VKVE2X5+x77YxAepuCwVh4vrgZJdgEJw48zrhRIeF4Nw==}
    dependencies:
      '@types/prop-types': 15.7.5
      '@types/scheduler': 0.16.2
      csstype: 3.0.11
    dev: true

  /@types/scheduler/0.16.2:
    resolution: {integrity: sha512-hppQEBDmlwhFAXKJX2KnWLYu5yMfi91yazPb2l+lbJiwW+wdo1gNeRA+3RgNSO39WYX2euey41KEwnqesU2Jew==}
    dev: true

  /aliucord/0.1.0:
    resolution: {integrity: sha512-HKeMjiKoKyLyJZJjYm2z2BliSdowGg7ngstcp62mIe86qyj4wfqSd0pr3vh3ouKn+Vj6AXSXFrOUE/AT5IbUXw==}
    dependencies:
      react-devtools-core: 4.24.5
    transitivePeerDependencies:
      - bufferutil
      - utf-8-validate
    dev: true

  /buffer-crc32/0.2.13:
    resolution: {integrity: sha512-VO9Ht/+p3SN7SKWqcrgEzjGbRSJYTx+Q1pTQC0wrWqHx0vpJraQ6GtHx8tvcg1rlK1byhU5gccxgOgj7B0TDkQ==}
    dev: true

  /csstype/3.0.11:
    resolution: {integrity: sha512-sa6P2wJ+CAbgyy4KFssIb/JNMLxFvKF1pCYCSXS8ZMuqZnMsrxqI2E5sPyoTpxoPU/gVZMzr2zjOfg8GIZOMsw==}
    dev: true

  /estree-walker/1.0.1:
    resolution: {integrity: sha512-1fMXF3YP4pZZVozF8j/ZLfvnR8NSIljt56UhbZ5PeeDmmGHpgpdwQt7ITlGvYaQukCvuBRMLEiKiYC+oeIg4cg==}
    dev: true

  /estree-walker/2.0.2:
    resolution: {integrity: sha512-Rfkk/Mp/DL7JVje3u18FxFujQlTNR2q6QfMSMB7AvCBx91NGj/ba3kCfza0f6dVDbw7YlRf/nDrn7pQrCCyQ/w==}
    dev: true

  /fsevents/2.3.2:
    resolution: {integrity: sha512-xiqMQR4xAeHTuB9uWm+fFRcIOgKBMiOBP+eXiyT7jsgVCq1bkVygt00oASowB7EdtpOHaaPgKt812P9ab+DDKA==}
    engines: {node: ^8.16.0 || ^10.6.0 || >=11.0.0}
    os: [darwin]
    requiresBuild: true
    dev: true
    optional: true

  /function-bind/1.1.1:
    resolution: {integrity: sha512-yIovAzMX49sF8Yl58fSCWJ5svSLuaibPxXQJFLmBObTuCr0Mf1KiPopGM9NiFjiYBCbfaa2Fh6breQ6ANVTI0A==}
    dev: true

  /has/1.0.3:
    resolution: {integrity: sha512-f2dvO0VU6Oej7RkWJGrehjbzMAjFp5/VKPp5tTpWIV4JHHZK1/BxbFRtf/siA2SWTe09caDmVtYYzWEIbBS4zw==}
    engines: {node: '>= 0.4.0'}
    dependencies:
      function-bind: 1.1.1
    dev: true

  /hermes-engine/0.11.0:
    resolution: {integrity: sha512-7aMUlZja2IyLYAcZ69NBnwJAR5ZOYlSllj0oMpx08a8HzxHOys0eKCzfphrf6D0vX1JGO1QQvVsQKe6TkYherw==}
    dev: true

  /is-core-module/2.9.0:
    resolution: {integrity: sha512-+5FPy5PnwmO3lvfMb0AsoPaBG+5KHUI0wYFXOtYPnVVVspTFUuMZNfNaNVRt3FZadstu2c8x23vykRW/NBoU6A==}
    dependencies:
      has: 1.0.3
    dev: true

  /path-parse/1.0.7:
    resolution: {integrity: sha512-LDJzPVEEEPR+y48z93A0Ed0yXb8pAByGWo/k5YYdYgpY2/2EsOsksJrq7lOHxryrVOn1ejG6oAp8ahvOIQD8sw==}
    dev: true

  /picomatch/2.3.1:
    resolution: {integrity: sha512-JU3teHTNjmE2VCGFzuY8EXzCDVwEqB2a8fsIvwaStHhAWJEeVd1o1QD80CU6+ZdEXXSLbSsuLwJjkCBWqRQUVA==}
    engines: {node: '>=8.6'}
    dev: true

  /react-devtools-core/4.24.5:
    resolution: {integrity: sha512-zr1LbHB5N5XjSNSCbxbfDNW8vryQdt2zYs8qnk5YacvFcwrMXGGXYoQ4gdu0rKe4mB/5MQYwgFse6IlyQiZwVw==}
    dependencies:
      shell-quote: 1.7.3
      ws: 7.5.7
    transitivePeerDependencies:
      - bufferutil
      - utf-8-validate
    dev: true

  /resolve/1.22.0:
    resolution: {integrity: sha512-Hhtrw0nLeSrFQ7phPp4OOcVjLPIeMnRlr5mcnVuMe7M/7eBn98A3hmFRLoFo3DLZkivSYwhRUJTyPyWAk56WLw==}
    hasBin: true
    dependencies:
      is-core-module: 2.9.0
      path-parse: 1.0.7
      supports-preserve-symlinks-flag: 1.0.0
    dev: true

  /rollup-plugin-hermes/1.0.1_hermes-engine@0.11.0:
    resolution: {integrity: sha512-JV+steSAPzx/aQ9cn1O9RFcxZjujWiClVuDboUlAmDaNAojM4w/RUuRG/rgVyLSEfknZcJHTyCmwvj/+mWBlIQ==}
    peerDependencies:
      hermes-engine: 0.x
    dependencies:
      hermes-engine: 0.11.0
    dev: true

  /rollup/2.72.1:
    resolution: {integrity: sha512-NTc5UGy/NWFGpSqF1lFY8z9Adri6uhyMLI6LvPAXdBKoPRFhIIiBUpt+Qg2awixqO3xvzSijjhnb4+QEZwJmxA==}
    engines: {node: '>=10.0.0'}
    hasBin: true
    optionalDependencies:
      fsevents: 2.3.2
    dev: true

  /shell-quote/1.7.3:
    resolution: {integrity: sha512-Vpfqwm4EnqGdlsBFNmHhxhElJYrdfcxPThu+ryKS5J8L/fhAwLazFZtq+S+TWZ9ANj2piSQLGj6NQg+lKPmxrw==}
    dev: true

  /supports-preserve-symlinks-flag/1.0.0:
    resolution: {integrity: sha512-ot0WnXS9fgdkgIcePe6RHNk1WA8+muPa6cSjeR3V8K27q9BB1rTE3R1p7Hv0z1ZyAc8s6Vvv8DIyWf681MAt0w==}
    engines: {node: '>= 0.4'}
    dev: true

  /tslib/2.4.0:
    resolution: {integrity: sha512-d6xOpEDfsi2CZVlPQzGeux8XMwLT9hssAsaPYExaQMuYskwb+x1x7J371tWlbBdWHroy99KnVB6qIkUbs5X3UQ==}
    dev: true

  /typescript/4.6.4:
    resolution: {integrity: sha512-9ia/jWHIEbo49HfjrLGfKbZSuWo9iTMwXO+Ca3pRsSpbsMbc7/IU8NKdCZVRRBafVPGnoJeFL76ZOAA84I9fEg==}
    engines: {node: '>=4.2.0'}
    hasBin: true
    dev: true

  /ws/7.5.7:
    resolution: {integrity: sha512-KMvVuFzpKBuiIXW3E4u3mySRO2/mCHSyZDJQM5NQ9Q9KHWHWh0NHgfbRMLLrceUK5qAL4ytALJbpRMjixFZh8A==}
    engines: {node: '>=8.3.0'}
    peerDependencies:
      bufferutil: ^4.0.1
      utf-8-validate: ^5.0.2
    peerDependenciesMeta:
      bufferutil:
        optional: true
      utf-8-validate:
        optional: true
    dev: true

  /yazl/2.5.1:
    resolution: {integrity: sha512-phENi2PLiHnHb6QBVot+dJnaAZ0xosj7p3fWl+znIjBDlnMI2PsZCJZ306BPTFOaHf5qdDEI8x5qFrSOBN5vrw==}
    dependencies:
      buffer-crc32: 0.2.13
    dev: true
